
Microsoft Visual Studio Solution File, Format Version 12.00
# Visual Studio 2013
VisualStudioVersion = 12.0.30501.0
MinimumVisualStudioVersion = 10.0.40219.1
Project("{FAE04EC0-301F-11D3-BF4B-00C04F79EFBC}") = "BrainWave", "BrainWave\BrainWave.csproj", "{6BC18716-A49C-429E-9336-613127FD1EB7}"
EndProject
Project("{FAE04EC0-301F-11D3-BF4B-00C04F79EFBC}") = "BrainWaveTests", "BrainWaveTests\BrainWaveTests.csproj", "{ED144570-63D4-4B23-A089-B3EA0A30FD77}"
EndProject
Global
	GlobalSection(SolutionConfigurationPlatforms) = preSolution
		Debug|Any CPU = Debug|Any CPU
		Release|Any CPU = Release|Any CPU
	EndGlobalSection
	GlobalSection(ProjectConfigurationPlatforms) = postSolution
		{6BC18716-A49C-429E-9336-613127FD1EB7}.Debug|Any CPU.ActiveCfg = Debug|Any CPU
		{6BC18716-A49C-429E-9336-613127FD1EB7}.Debug|Any CPU.Build.0 = Debug|Any CPU
		{6BC18716-A49C-429E-9336-613127FD1EB7}.Release|Any CPU.ActiveCfg = Release|Any CPU
		{6BC18716-A49C-429E-9336-613127FD1EB7}.Release|Any CPU.Build.0 = Release|Any CPU
		{ED144570-63D4-4B23-A089-B3EA0A30FD77}.Debug|Any CPU.ActiveCfg = Debug|Any CPU
		{ED144570-63D4-4B23-A089-B3EA0A30FD77}.Debug|Any CPU.Build.0 = Debug|Any CPU
		{ED144570-63D4-4B23-A089-B3EA0A30FD77}.Release|Any CPU.ActiveCfg = Release|Any CPU
		{ED144570-63D4-4B23-A089-B3EA0A30FD77}.Release|Any CPU.Build.0 = Release|Any CPU
	EndGlobalSection
	GlobalSection(SolutionProperties) = preSolution
		HideSolutionNode = FALSE
	EndGlobalSection
EndGlobal
